
Microsoft Visual Studio Solution File, Format Version 12.00
# Visual Studio Version 17
VisualStudioVersion = 17.11.35303.130
MinimumVisualStudioVersion = 10.0.40219.1
Project("{FAE04EC0-301F-11D3-BF4B-00C04F79EFBC}") = "SalaoDeBeleza", "SalaoDeBeleza\SalaoDeBeleza.csproj", "{6FA5C65E-63EE-4E2D-BC5E-7FFF6174CA9C}"
EndProject
Global
	GlobalSection(SolutionConfigurationPlatforms) = preSolution
		Debug|Any CPU = Debug|Any CPU
		Release|Any CPU = Release|Any CPU
	EndGlobalSection
	GlobalSection(ProjectConfigurationPlatforms) = postSolution
		{6FA5C65E-63EE-4E2D-BC5E-7FFF6174CA9C}.Debug|Any CPU.ActiveCfg = Debug|Any CPU
		{6FA5C65E-63EE-4E2D-BC5E-7FFF6174CA9C}.Debug|Any CPU.Build.0 = Debug|Any CPU
		{6FA5C65E-63EE-4E2D-BC5E-7FFF6174CA9C}.Release|Any CPU.ActiveCfg = Release|Any CPU
		{6FA5C65E-63EE-4E2D-BC5E-7FFF6174CA9C}.Release|Any CPU.Build.0 = Release|Any CPU
	EndGlobalSection
	GlobalSection(SolutionProperties) = preSolution
		HideSolutionNode = FALSE
	EndGlobalSection
	GlobalSection(ExtensibilityGlobals) = postSolution
		SolutionGuid = {557D636B-64B3-46A0-B3B1-19E52BF07D7B}
	EndGlobalSection
EndGlobal
